// !$*UTF8*$!
{
	archiveVersion = 1;
	classes = {
	};
	objectVersion = 46;
	objects = {

/* Begin PBXBuildFile section */
		CD20325D1CEEAF1F00D1DE18 /* Artist.swift in Sources */ = {isa = PBXBuildFile; fileRef = CD20325C1CEEAF1F00D1DE18 /* Artist.swift */; };
		CD20325F1CEEB10000D1DE18 /* Song.swift in Sources */ = {isa = PBXBuildFile; fileRef = CD20325E1CEEB10000D1DE18 /* Song.swift */; };
		CD2032661CEEB3AD00D1DE18 /* Bloomdido.mp3 in Resources */ = {isa = PBXBuildFile; fileRef = CD2032601CEEB3AD00D1DE18 /* Bloomdido.mp3 */; };
		CD2032671CEEB3AD00D1DE18 /* AdventureOfALifetime.mp3 in Resources */ = {isa = PBXBuildFile; fileRef = CD2032611CEEB3AD00D1DE18 /* AdventureOfALifetime.mp3 */; };
		CD2032681CEEB3AD00D1DE18 /* SoItMaySecretlyBegin.mp3 in Resources */ = {isa = PBXBuildFile; fileRef = CD2032621CEEB3AD00D1DE18 /* SoItMaySecretlyBegin.mp3 */; };
		CD2032691CEEB3AD00D1DE18 /* ScrappleFromTheApple.mp3 in Resources */ = {isa = PBXBuildFile; fileRef = CD2032631CEEB3AD00D1DE18 /* ScrappleFromTheApple.mp3 */; };
		CD20326A1CEEB3AD00D1DE18 /* DontPanic.mp3 in Resources */ = {isa = PBXBuildFile; fileRef = CD2032641CEEB3AD00D1DE18 /* DontPanic.mp3 */; };
		CD20326B1CEEB3AD00D1DE18 /* AuLait.mp3 in Resources */ = {isa = PBXBuildFile; fileRef = CD2032651CEEB3AD00D1DE18 /* AuLait.mp3 */; };
		CD20326D1CEECA2B00D1DE18 /* PlayTracksViewController.swift in Sources */ = {isa = PBXBuildFile; fileRef = CD20326C1CEECA2B00D1DE18 /* PlayTracksViewController.swift */; };
		CD3790501CEE1745004764AC /* TrackListViewController.swift in Sources */ = {isa = PBXBuildFile; fileRef = CD37904F1CEE1745004764AC /* TrackListViewController.swift */; };
		CD3BB2E81D184DB000CBA84E /* SaveManager.swift in Sources */ = {isa = PBXBuildFile; fileRef = CD3BB2E71D184DB000CBA84E /* SaveManager.swift */; };
		CD589AFC1D1E173800DDACA1 /* HttpManager.swift in Sources */ = {isa = PBXBuildFile; fileRef = CD589AFB1D1E173800DDACA1 /* HttpManager.swift */; };
		CD62119F1CEACADD00B4CC2E /* AppDelegate.swift in Sources */ = {isa = PBXBuildFile; fileRef = CD62119E1CEACADD00B4CC2E /* AppDelegate.swift */; };
		CD6211A11CEACADD00B4CC2E /* ViewController.swift in Sources */ = {isa = PBXBuildFile; fileRef = CD6211A01CEACADD00B4CC2E /* ViewController.swift */; };
		CD6211A41CEACADD00B4CC2E /* Main.storyboard in Resources */ = {isa = PBXBuildFile; fileRef = CD6211A21CEACADD00B4CC2E /* Main.storyboard */; };
		CD6211A61CEACADD00B4CC2E /* Assets.xcassets in Resources */ = {isa = PBXBuildFile; fileRef = CD6211A51CEACADD00B4CC2E /* Assets.xcassets */; };
		CD6211A91CEACADD00B4CC2E /* LaunchScreen.storyboard in Resources */ = {isa = PBXBuildFile; fileRef = CD6211A71CEACADD00B4CC2E /* LaunchScreen.storyboard */; };
		CD6211B41CEACADD00B4CC2E /* AudioPlayerTests.swift in Sources */ = {isa = PBXBuildFile; fileRef = CD6211B31CEACADD00B4CC2E /* AudioPlayerTests.swift */; };
		CD6211BF1CEACADD00B4CC2E /* AudioPlayerUITests.swift in Sources */ = {isa = PBXBuildFile; fileRef = CD6211BE1CEACADD00B4CC2E /* AudioPlayerUITests.swift */; };
		CD6211CF1CEACD7800B4CC2E /* ArtistInfoViewController.swift in Sources */ = {isa = PBXBuildFile; fileRef = CD6211CE1CEACD7800B4CC2E /* ArtistInfoViewController.swift */; };
		CDF075C41D0F431300A2C62D /* PlayerManager.swift in Sources */ = {isa = PBXBuildFile; fileRef = CDF075C31D0F431300A2C62D /* PlayerManager.swift */; };
		CDF9049C1D13470F00046066 /* AudioPlayer.xcdatamodeld in Sources */ = {isa = PBXBuildFile; fileRef = CDF9049A1D13470F00046066 /* AudioPlayer.xcdatamodeld */; };
		CDF9049E1D13490100046066 /* CDObject.swift in Sources */ = {isa = PBXBuildFile; fileRef = CDF9049D1D13490100046066 /* CDObject.swift */; };
		CDF904A01D134A1900046066 /* DataManager.swift in Sources */ = {isa = PBXBuildFile; fileRef = CDF9049F1D134A1900046066 /* DataManager.swift */; };
		CDF904A21D134A5A00046066 /* Query.swift in Sources */ = {isa = PBXBuildFile; fileRef = CDF904A11D134A5A00046066 /* Query.swift */; };
		CDF904A51D134AEC00046066 /* Song+CoreDataProperties.swift in Sources */ = {isa = PBXBuildFile; fileRef = CDF904A31D134AEC00046066 /* Song+CoreDataProperties.swift */; };
		CDF904A61D134AEC00046066 /* Artist+CoreDataProperties.swift in Sources */ = {isa = PBXBuildFile; fileRef = CDF904A41D134AEC00046066 /* Artist+CoreDataProperties.swift */; };
		CDF904A91D13652200046066 /* OnlineTracksViewController.swift in Sources */ = {isa = PBXBuildFile; fileRef = CDF904A81D13652200046066 /* OnlineTracksViewController.swift */; };
		CDF904AB1D13657B00046066 /* ArtistHeaderTableViewCell.swift in Sources */ = {isa = PBXBuildFile; fileRef = CDF904AA1D13657B00046066 /* ArtistHeaderTableViewCell.swift */; };
/* End PBXBuildFile section */

/* Begin PBXContainerItemProxy section */
		CD6211B01CEACADD00B4CC2E /* PBXContainerItemProxy */ = {
			isa = PBXContainerItemProxy;
			containerPortal = CD6211931CEACADD00B4CC2E /* Project object */;
			proxyType = 1;
			remoteGlobalIDString = CD62119A1CEACADD00B4CC2E;
			remoteInfo = AudioPlayer;
		};
		CD6211BB1CEACADD00B4CC2E /* PBXContainerItemProxy */ = {
			isa = PBXContainerItemProxy;
			containerPortal = CD6211931CEACADD00B4CC2E /* Project object */;
			proxyType = 1;
			remoteGlobalIDString = CD62119A1CEACADD00B4CC2E;
			remoteInfo = AudioPlayer;
		};
/* End PBXContainerItemProxy section */

/* Begin PBXFileReference section */
		CD20325C1CEEAF1F00D1DE18 /* Artist.swift */ = {isa = PBXFileReference; fileEncoding = 4; lastKnownFileType = sourcecode.swift; path = Artist.swift; sourceTree = "<group>"; };
		CD20325E1CEEB10000D1DE18 /* Song.swift */ = {isa = PBXFileReference; fileEncoding = 4; lastKnownFileType = sourcecode.swift; path = Song.swift; sourceTree = "<group>"; };
		CD2032601CEEB3AD00D1DE18 /* Bloomdido.mp3 */ = {isa = PBXFileReference; lastKnownFileType = audio.mp3; name = Bloomdido.mp3; path = ../../../../../Downloads/Bloomdido.mp3; sourceTree = "<group>"; };
		CD2032611CEEB3AD00D1DE18 /* AdventureOfALifetime.mp3 */ = {isa = PBXFileReference; lastKnownFileType = audio.mp3; name = AdventureOfALifetime.mp3; path = ../../../../../Downloads/AdventureOfALifetime.mp3; sourceTree = "<group>"; };
		CD2032621CEEB3AD00D1DE18 /* SoItMaySecretlyBegin.mp3 */ = {isa = PBXFileReference; lastKnownFileType = audio.mp3; name = SoItMaySecretlyBegin.mp3; path = ../../../../../Downloads/SoItMaySecretlyBegin.mp3; sourceTree = "<group>"; };
		CD2032631CEEB3AD00D1DE18 /* ScrappleFromTheApple.mp3 */ = {isa = PBXFileReference; lastKnownFileType = audio.mp3; name = ScrappleFromTheApple.mp3; path = ../../../../../Downloads/ScrappleFromTheApple.mp3; sourceTree = "<group>"; };
		CD2032641CEEB3AD00D1DE18 /* DontPanic.mp3 */ = {isa = PBXFileReference; lastKnownFileType = audio.mp3; name = DontPanic.mp3; path = ../../../../../Downloads/DontPanic.mp3; sourceTree = "<group>"; };
		CD2032651CEEB3AD00D1DE18 /* AuLait.mp3 */ = {isa = PBXFileReference; lastKnownFileType = audio.mp3; name = AuLait.mp3; path = ../../../../../Downloads/AuLait.mp3; sourceTree = "<group>"; };
		CD20326C1CEECA2B00D1DE18 /* PlayTracksViewController.swift */ = {isa = PBXFileReference; fileEncoding = 4; lastKnownFileType = sourcecode.swift; path = PlayTracksViewController.swift; sourceTree = "<group>"; };
		CD37904F1CEE1745004764AC /* TrackListViewController.swift */ = {isa = PBXFileReference; fileEncoding = 4; lastKnownFileType = sourcecode.swift; path = TrackListViewController.swift; sourceTree = "<group>"; };
		CD3BB2E71D184DB000CBA84E /* SaveManager.swift */ = {isa = PBXFileReference; fileEncoding = 4; lastKnownFileType = sourcecode.swift; path = SaveManager.swift; sourceTree = "<group>"; };
		CD589AFB1D1E173800DDACA1 /* HttpManager.swift */ = {isa = PBXFileReference; fileEncoding = 4; lastKnownFileType = sourcecode.swift; path = HttpManager.swift; sourceTree = "<group>"; };
		CD62119B1CEACADD00B4CC2E /* AudioPlayer.app */ = {isa = PBXFileReference; explicitFileType = wrapper.application; includeInIndex = 0; path = AudioPlayer.app; sourceTree = BUILT_PRODUCTS_DIR; };
		CD62119E1CEACADD00B4CC2E /* AppDelegate.swift */ = {isa = PBXFileReference; lastKnownFileType = sourcecode.swift; path = AppDelegate.swift; sourceTree = "<group>"; };
		CD6211A01CEACADD00B4CC2E /* ViewController.swift */ = {isa = PBXFileReference; lastKnownFileType = sourcecode.swift; path = ViewController.swift; sourceTree = "<group>"; };
		CD6211A31CEACADD00B4CC2E /* Base */ = {isa = PBXFileReference; lastKnownFileType = file.storyboard; name = Base; path = Base.lproj/Main.storyboard; sourceTree = "<group>"; };
		CD6211A51CEACADD00B4CC2E /* Assets.xcassets */ = {isa = PBXFileReference; lastKnownFileType = folder.assetcatalog; path = Assets.xcassets; sourceTree = "<group>"; };
		CD6211A81CEACADD00B4CC2E /* Base */ = {isa = PBXFileReference; lastKnownFileType = file.storyboard; name = Base; path = Base.lproj/LaunchScreen.storyboard; sourceTree = "<group>"; };
		CD6211AA1CEACADD00B4CC2E /* Info.plist */ = {isa = PBXFileReference; lastKnownFileType = text.plist.xml; path = Info.plist; sourceTree = "<group>"; };
		CD6211AF1CEACADD00B4CC2E /* AudioPlayerTests.xctest */ = {isa = PBXFileReference; explicitFileType = wrapper.cfbundle; includeInIndex = 0; path = AudioPlayerTests.xctest; sourceTree = BUILT_PRODUCTS_DIR; };
		CD6211B31CEACADD00B4CC2E /* AudioPlayerTests.swift */ = {isa = PBXFileReference; lastKnownFileType = sourcecode.swift; path = AudioPlayerTests.swift; sourceTree = "<group>"; };
		CD6211B51CEACADD00B4CC2E /* Info.plist */ = {isa = PBXFileReference; lastKnownFileType = text.plist.xml; path = Info.plist; sourceTree = "<group>"; };
		CD6211BA1CEACADD00B4CC2E /* AudioPlayerUITests.xctest */ = {isa = PBXFileReference; explicitFileType = wrapper.cfbundle; includeInIndex = 0; path = AudioPlayerUITests.xctest; sourceTree = BUILT_PRODUCTS_DIR; };
		CD6211BE1CEACADD00B4CC2E /* AudioPlayerUITests.swift */ = {isa = PBXFileReference; lastKnownFileType = sourcecode.swift; path = AudioPlayerUITests.swift; sourceTree = "<group>"; };
		CD6211C01CEACADE00B4CC2E /* Info.plist */ = {isa = PBXFileReference; lastKnownFileType = text.plist.xml; path = Info.plist; sourceTree = "<group>"; };
		CD6211CE1CEACD7800B4CC2E /* ArtistInfoViewController.swift */ = {isa = PBXFileReference; fileEncoding = 4; lastKnownFileType = sourcecode.swift; path = ArtistInfoViewController.swift; sourceTree = "<group>"; };
		CDF075C31D0F431300A2C62D /* PlayerManager.swift */ = {isa = PBXFileReference; fileEncoding = 4; lastKnownFileType = sourcecode.swift; path = PlayerManager.swift; sourceTree = "<group>"; };
		CDF9049B1D13470F00046066 /* AudioPlayer.xcdatamodel */ = {isa = PBXFileReference; lastKnownFileType = wrapper.xcdatamodel; path = AudioPlayer.xcdatamodel; sourceTree = "<group>"; };
		CDF9049D1D13490100046066 /* CDObject.swift */ = {isa = PBXFileReference; fileEncoding = 4; lastKnownFileType = sourcecode.swift; path = CDObject.swift; sourceTree = "<group>"; };
		CDF9049F1D134A1900046066 /* DataManager.swift */ = {isa = PBXFileReference; fileEncoding = 4; lastKnownFileType = sourcecode.swift; path = DataManager.swift; sourceTree = "<group>"; };
		CDF904A11D134A5A00046066 /* Query.swift */ = {isa = PBXFileReference; fileEncoding = 4; lastKnownFileType = sourcecode.swift; path = Query.swift; sourceTree = "<group>"; };
		CDF904A31D134AEC00046066 /* Song+CoreDataProperties.swift */ = {isa = PBXFileReference; fileEncoding = 4; lastKnownFileType = sourcecode.swift; path = "Song+CoreDataProperties.swift"; sourceTree = "<group>"; };
		CDF904A41D134AEC00046066 /* Artist+CoreDataProperties.swift */ = {isa = PBXFileReference; fileEncoding = 4; lastKnownFileType = sourcecode.swift; path = "Artist+CoreDataProperties.swift"; sourceTree = "<group>"; };
		CDF904A81D13652200046066 /* OnlineTracksViewController.swift */ = {isa = PBXFileReference; fileEncoding = 4; lastKnownFileType = sourcecode.swift; path = OnlineTracksViewController.swift; sourceTree = "<group>"; };
		CDF904AA1D13657B00046066 /* ArtistHeaderTableViewCell.swift */ = {isa = PBXFileReference; fileEncoding = 4; lastKnownFileType = sourcecode.swift; path = ArtistHeaderTableViewCell.swift; sourceTree = "<group>"; };
/* End PBXFileReference section */

/* Begin PBXFrameworksBuildPhase section */
		CD6211981CEACADD00B4CC2E /* Frameworks */ = {
			isa = PBXFrameworksBuildPhase;
			buildActionMask = 2147483647;
			files = (
			);
			runOnlyForDeploymentPostprocessing = 0;
		};
		CD6211AC1CEACADD00B4CC2E /* Frameworks */ = {
			isa = PBXFrameworksBuildPhase;
			buildActionMask = 2147483647;
			files = (
			);
			runOnlyForDeploymentPostprocessing = 0;
		};
		CD6211B71CEACADD00B4CC2E /* Frameworks */ = {
			isa = PBXFrameworksBuildPhase;
			buildActionMask = 2147483647;
			files = (
			);
			runOnlyForDeploymentPostprocessing = 0;
		};
/* End PBXFrameworksBuildPhase section */

/* Begin PBXGroup section */
		CD6211921CEACADD00B4CC2E = {
			isa = PBXGroup;
			children = (
				CD62119D1CEACADD00B4CC2E /* AudioPlayer */,
				CD6211B21CEACADD00B4CC2E /* AudioPlayerTests */,
				CD6211BD1CEACADD00B4CC2E /* AudioPlayerUITests */,
				CD62119C1CEACADD00B4CC2E /* Products */,
			);
			sourceTree = "<group>";
		};
		CD62119C1CEACADD00B4CC2E /* Products */ = {
			isa = PBXGroup;
			children = (
				CD62119B1CEACADD00B4CC2E /* AudioPlayer.app */,
				CD6211AF1CEACADD00B4CC2E /* AudioPlayerTests.xctest */,
				CD6211BA1CEACADD00B4CC2E /* AudioPlayerUITests.xctest */,
			);
			name = Products;
			sourceTree = "<group>";
		};
		CD62119D1CEACADD00B4CC2E /* AudioPlayer */ = {
			isa = PBXGroup;
			children = (
				CDF904A71D13650500046066 /* View */,
				CDF075C21D0F425300A2C62D /* Helper */,
				CD2032601CEEB3AD00D1DE18 /* Bloomdido.mp3 */,
				CD2032611CEEB3AD00D1DE18 /* AdventureOfALifetime.mp3 */,
				CD2032621CEEB3AD00D1DE18 /* SoItMaySecretlyBegin.mp3 */,
				CD2032631CEEB3AD00D1DE18 /* ScrappleFromTheApple.mp3 */,
				CD2032641CEEB3AD00D1DE18 /* DontPanic.mp3 */,
				CD2032651CEEB3AD00D1DE18 /* AuLait.mp3 */,
				CD6211CD1CEACD5100B4CC2E /* View Controler */,
				CD6211CC1CEACD4800B4CC2E /* Model */,
				CD62119E1CEACADD00B4CC2E /* AppDelegate.swift */,
				CD6211A21CEACADD00B4CC2E /* Main.storyboard */,
				CD6211A51CEACADD00B4CC2E /* Assets.xcassets */,
				CD6211A71CEACADD00B4CC2E /* LaunchScreen.storyboard */,
				CD6211AA1CEACADD00B4CC2E /* Info.plist */,
				CDF9049A1D13470F00046066 /* AudioPlayer.xcdatamodeld */,
			);
			path = AudioPlayer;
			sourceTree = "<group>";
		};
		CD6211B21CEACADD00B4CC2E /* AudioPlayerTests */ = {
			isa = PBXGroup;
			children = (
				CD6211B31CEACADD00B4CC2E /* AudioPlayerTests.swift */,
				CD6211B51CEACADD00B4CC2E /* Info.plist */,
			);
			path = AudioPlayerTests;
			sourceTree = "<group>";
		};
		CD6211BD1CEACADD00B4CC2E /* AudioPlayerUITests */ = {
			isa = PBXGroup;
			children = (
				CD6211BE1CEACADD00B4CC2E /* AudioPlayerUITests.swift */,
				CD6211C01CEACADE00B4CC2E /* Info.plist */,
			);
			path = AudioPlayerUITests;
			sourceTree = "<group>";
		};
		CD6211CC1CEACD4800B4CC2E /* Model */ = {
			isa = PBXGroup;
			children = (
				CDF904A31D134AEC00046066 /* Song+CoreDataProperties.swift */,
				CDF904A41D134AEC00046066 /* Artist+CoreDataProperties.swift */,
				CD20325C1CEEAF1F00D1DE18 /* Artist.swift */,
				CD20325E1CEEB10000D1DE18 /* Song.swift */,
			);
			name = Model;
			sourceTree = "<group>";
		};
		CD6211CD1CEACD5100B4CC2E /* View Controler */ = {
			isa = PBXGroup;
			children = (
				CD6211A01CEACADD00B4CC2E /* ViewController.swift */,
				CD6211CE1CEACD7800B4CC2E /* ArtistInfoViewController.swift */,
				CD37904F1CEE1745004764AC /* TrackListViewController.swift */,
				CD20326C1CEECA2B00D1DE18 /* PlayTracksViewController.swift */,
				CDF904A81D13652200046066 /* OnlineTracksViewController.swift */,
			);
			name = "View Controler";
			sourceTree = "<group>";
		};
		CDF075C21D0F425300A2C62D /* Helper */ = {
			isa = PBXGroup;
			children = (
				CDF075C31D0F431300A2C62D /* PlayerManager.swift */,
				CDF9049D1D13490100046066 /* CDObject.swift */,
				CDF9049F1D134A1900046066 /* DataManager.swift */,
				CDF904A11D134A5A00046066 /* Query.swift */,
				CD3BB2E71D184DB000CBA84E /* SaveManager.swift */,
				CD589AFB1D1E173800DDACA1 /* HttpManager.swift */,
			);
			name = Helper;
			sourceTree = "<group>";
		};
		CDF904A71D13650500046066 /* View */ = {
			isa = PBXGroup;
			children = (
				CDF904AA1D13657B00046066 /* ArtistHeaderTableViewCell.swift */,
			);
			name = View;
			sourceTree = "<group>";
		};
/* End PBXGroup section */

/* Begin PBXNativeTarget section */
		CD62119A1CEACADD00B4CC2E /* AudioPlayer */ = {
			isa = PBXNativeTarget;
			buildConfigurationList = CD6211C31CEACADE00B4CC2E /* Build configuration list for PBXNativeTarget "AudioPlayer" */;
			buildPhases = (
				CD6211971CEACADD00B4CC2E /* Sources */,
				CD6211981CEACADD00B4CC2E /* Frameworks */,
				CD6211991CEACADD00B4CC2E /* Resources */,
			);
			buildRules = (
			);
			dependencies = (
			);
			name = AudioPlayer;
			productName = AudioPlayer;
			productReference = CD62119B1CEACADD00B4CC2E /* AudioPlayer.app */;
			productType = "com.apple.product-type.application";
		};
		CD6211AE1CEACADD00B4CC2E /* AudioPlayerTests */ = {
			isa = PBXNativeTarget;
			buildConfigurationList = CD6211C61CEACADE00B4CC2E /* Build configuration list for PBXNativeTarget "AudioPlayerTests" */;
			buildPhases = (
				CD6211AB1CEACADD00B4CC2E /* Sources */,
				CD6211AC1CEACADD00B4CC2E /* Frameworks */,
				CD6211AD1CEACADD00B4CC2E /* Resources */,
			);
			buildRules = (
			);
			dependencies = (
				CD6211B11CEACADD00B4CC2E /* PBXTargetDependency */,
			);
			name = AudioPlayerTests;
			productName = AudioPlayerTests;
			productReference = CD6211AF1CEACADD00B4CC2E /* AudioPlayerTests.xctest */;
			productType = "com.apple.product-type.bundle.unit-test";
		};
		CD6211B91CEACADD00B4CC2E /* AudioPlayerUITests */ = {
			isa = PBXNativeTarget;
			buildConfigurationList = CD6211C91CEACADE00B4CC2E /* Build configuration list for PBXNativeTarget "AudioPlayerUITests" */;
			buildPhases = (
				CD6211B61CEACADD00B4CC2E /* Sources */,
				CD6211B71CEACADD00B4CC2E /* Frameworks */,
				CD6211B81CEACADD00B4CC2E /* Resources */,
			);
			buildRules = (
			);
			dependencies = (
				CD6211BC1CEACADD00B4CC2E /* PBXTargetDependency */,
			);
			name = AudioPlayerUITests;
			productName = AudioPlayerUITests;
			productReference = CD6211BA1CEACADD00B4CC2E /* AudioPlayerUITests.xctest */;
			productType = "com.apple.product-type.bundle.ui-testing";
		};
/* End PBXNativeTarget section */

/* Begin PBXProject section */
		CD6211931CEACADD00B4CC2E /* Project object */ = {
			isa = PBXProject;
			attributes = {
				LastSwiftUpdateCheck = 0730;
				LastUpgradeCheck = 0830;
				ORGANIZATIONNAME = "Luis Francisco Piura Mejia";
				TargetAttributes = {
					CD62119A1CEACADD00B4CC2E = {
						CreatedOnToolsVersion = 7.3;
						DevelopmentTeam = A6GBL74394;
						LastSwiftMigration = 0830;
						SystemCapabilities = {
							com.apple.BackgroundModes = {
								enabled = 1;
							};
						};
					};
					CD6211AE1CEACADD00B4CC2E = {
						CreatedOnToolsVersion = 7.3;
						DevelopmentTeam = A6GBL74394;
						LastSwiftMigration = 0830;
						TestTargetID = CD62119A1CEACADD00B4CC2E;
					};
					CD6211B91CEACADD00B4CC2E = {
						CreatedOnToolsVersion = 7.3;
						DevelopmentTeam = A6GBL74394;
						LastSwiftMigration = 0830;
						TestTargetID = CD62119A1CEACADD00B4CC2E;
					};
				};
			};
			buildConfigurationList = CD6211961CEACADD00B4CC2E /* Build configuration list for PBXProject "AudioPlayer" */;
			compatibilityVersion = "Xcode 3.2";
			developmentRegion = English;
			hasScannedForEncodings = 0;
			knownRegions = (
				en,
				Base,
			);
			mainGroup = CD6211921CEACADD00B4CC2E;
			productRefGroup = CD62119C1CEACADD00B4CC2E /* Products */;
			projectDirPath = "";
			projectRoot = "";
			targets = (
				CD62119A1CEACADD00B4CC2E /* AudioPlayer */,
				CD6211AE1CEACADD00B4CC2E /* AudioPlayerTests */,
				CD6211B91CEACADD00B4CC2E /* AudioPlayerUITests */,
			);
		};
/* End PBXProject section */

/* Begin PBXResourcesBuildPhase section */
		CD6211991CEACADD00B4CC2E /* Resources */ = {
			isa = PBXResourcesBuildPhase;
			buildActionMask = 2147483647;
			files = (
				CD2032661CEEB3AD00D1DE18 /* Bloomdido.mp3 in Resources */,
				CD2032671CEEB3AD00D1DE18 /* AdventureOfALifetime.mp3 in Resources */,
				CD2032681CEEB3AD00D1DE18 /* SoItMaySecretlyBegin.mp3 in Resources */,
				CD20326B1CEEB3AD00D1DE18 /* AuLait.mp3 in Resources */,
				CD6211A91CEACADD00B4CC2E /* LaunchScreen.storyboard in Resources */,
				CD20326A1CEEB3AD00D1DE18 /* DontPanic.mp3 in Resources */,
				CD6211A61CEACADD00B4CC2E /* Assets.xcassets in Resources */,
				CD2032691CEEB3AD00D1DE18 /* ScrappleFromTheApple.mp3 in Resources */,
				CD6211A41CEACADD00B4CC2E /* Main.storyboard in Resources */,
			);
			runOnlyForDeploymentPostprocessing = 0;
		};
		CD6211AD1CEACADD00B4CC2E /* Resources */ = {
			isa = PBXResourcesBuildPhase;
			buildActionMask = 2147483647;
			files = (
			);
			runOnlyForDeploymentPostprocessing = 0;
		};
		CD6211B81CEACADD00B4CC2E /* Resources */ = {
			isa = PBXResourcesBuildPhase;
			buildActionMask = 2147483647;
			files = (
			);
			runOnlyForDeploymentPostprocessing = 0;
		};
/* End PBXResourcesBuildPhase section */

/* Begin PBXSourcesBuildPhase section */
		CD6211971CEACADD00B4CC2E /* Sources */ = {
			isa = PBXSourcesBuildPhase;
			buildActionMask = 2147483647;
			files = (
				CD20325F1CEEB10000D1DE18 /* Song.swift in Sources */,
				CDF9049C1D13470F00046066 /* AudioPlayer.xcdatamodeld in Sources */,
				CDF904A51D134AEC00046066 /* Song+CoreDataProperties.swift in Sources */,
				CD589AFC1D1E173800DDACA1 /* HttpManager.swift in Sources */,
				CD20325D1CEEAF1F00D1DE18 /* Artist.swift in Sources */,
				CD6211A11CEACADD00B4CC2E /* ViewController.swift in Sources */,
				CDF904A21D134A5A00046066 /* Query.swift in Sources */,
				CDF904A61D134AEC00046066 /* Artist+CoreDataProperties.swift in Sources */,
				CD20326D1CEECA2B00D1DE18 /* PlayTracksViewController.swift in Sources */,
				CD62119F1CEACADD00B4CC2E /* AppDelegate.swift in Sources */,
				CD3790501CEE1745004764AC /* TrackListViewController.swift in Sources */,
				CDF904A91D13652200046066 /* OnlineTracksViewController.swift in Sources */,
				CDF9049E1D13490100046066 /* CDObject.swift in Sources */,
				CD3BB2E81D184DB000CBA84E /* SaveManager.swift in Sources */,
				CDF904A01D134A1900046066 /* DataManager.swift in Sources */,
				CDF904AB1D13657B00046066 /* ArtistHeaderTableViewCell.swift in Sources */,
				CDF075C41D0F431300A2C62D /* PlayerManager.swift in Sources */,
				CD6211CF1CEACD7800B4CC2E /* ArtistInfoViewController.swift in Sources */,
			);
			runOnlyForDeploymentPostprocessing = 0;
		};
		CD6211AB1CEACADD00B4CC2E /* Sources */ = {
			isa = PBXSourcesBuildPhase;
			buildActionMask = 2147483647;
			files = (
				CD6211B41CEACADD00B4CC2E /* AudioPlayerTests.swift in Sources */,
			);
			runOnlyForDeploymentPostprocessing = 0;
		};
		CD6211B61CEACADD00B4CC2E /* Sources */ = {
			isa = PBXSourcesBuildPhase;
			buildActionMask = 2147483647;
			files = (
				CD6211BF1CEACADD00B4CC2E /* AudioPlayerUITests.swift in Sources */,
			);
			runOnlyForDeploymentPostprocessing = 0;
		};
/* End PBXSourcesBuildPhase section */

/* Begin PBXTargetDependency section */
		CD6211B11CEACADD00B4CC2E /* PBXTargetDependency */ = {
			isa = PBXTargetDependency;
			target = CD62119A1CEACADD00B4CC2E /* AudioPlayer */;
			targetProxy = CD6211B01CEACADD00B4CC2E /* PBXContainerItemProxy */;
		};
		CD6211BC1CEACADD00B4CC2E /* PBXTargetDependency */ = {
			isa = PBXTargetDependency;
			target = CD62119A1CEACADD00B4CC2E /* AudioPlayer */;
			targetProxy = CD6211BB1CEACADD00B4CC2E /* PBXContainerItemProxy */;
		};
/* End PBXTargetDependency section */

/* Begin PBXVariantGroup section */
		CD6211A21CEACADD00B4CC2E /* Main.storyboard */ = {
			isa = PBXVariantGroup;
			children = (
				CD6211A31CEACADD00B4CC2E /* Base */,
			);
			name = Main.storyboard;
			sourceTree = "<group>";
		};
		CD6211A71CEACADD00B4CC2E /* LaunchScreen.storyboard */ = {
			isa = PBXVariantGroup;
			children = (
				CD6211A81CEACADD00B4CC2E /* Base */,
			);
			name = LaunchScreen.storyboard;
			sourceTree = "<group>";
		};
/* End PBXVariantGroup section */

/* Begin XCBuildConfiguration section */
		CD6211C11CEACADE00B4CC2E /* Debug */ = {
			isa = XCBuildConfiguration;
			buildSettings = {
				ALWAYS_SEARCH_USER_PATHS = NO;
				CLANG_ANALYZER_NONNULL = YES;
				CLANG_CXX_LANGUAGE_STANDARD = "gnu++0x";
				CLANG_CXX_LIBRARY = "libc++";
				CLANG_ENABLE_MODULES = YES;
				CLANG_ENABLE_OBJC_ARC = YES;
				CLANG_WARN_BOOL_CONVERSION = YES;
				CLANG_WARN_CONSTANT_CONVERSION = YES;
				CLANG_WARN_DIRECT_OBJC_ISA_USAGE = YES_ERROR;
				CLANG_WARN_EMPTY_BODY = YES;
				CLANG_WARN_ENUM_CONVERSION = YES;
				CLANG_WARN_INFINITE_RECURSION = YES;
				CLANG_WARN_INT_CONVERSION = YES;
				CLANG_WARN_OBJC_ROOT_CLASS = YES_ERROR;
				CLANG_WARN_SUSPICIOUS_MOVE = YES;
				CLANG_WARN_UNREACHABLE_CODE = YES;
				CLANG_WARN__DUPLICATE_METHOD_MATCH = YES;
				"CODE_SIGN_IDENTITY[sdk=iphoneos*]" = "iPhone Developer";
				COPY_PHASE_STRIP = NO;
				DEBUG_INFORMATION_FORMAT = dwarf;
				ENABLE_STRICT_OBJC_MSGSEND = YES;
				ENABLE_TESTABILITY = YES;
				GCC_C_LANGUAGE_STANDARD = gnu99;
				GCC_DYNAMIC_NO_PIC = NO;
				GCC_NO_COMMON_BLOCKS = YES;
				GCC_OPTIMIZATION_LEVEL = 0;
				GCC_PREPROCESSOR_DEFINITIONS = (
					"DEBUG=1",
					"$(inherited)",
				);
				GCC_WARN_64_TO_32_BIT_CONVERSION = YES;
				GCC_WARN_ABOUT_RETURN_TYPE = YES_ERROR;
				GCC_WARN_UNDECLARED_SELECTOR = YES;
				GCC_WARN_UNINITIALIZED_AUTOS = YES_AGGRESSIVE;
				GCC_WARN_UNUSED_FUNCTION = YES;
				GCC_WARN_UNUSED_VARIABLE = YES;
				IPHONEOS_DEPLOYMENT_TARGET = 9.3;
				MTL_ENABLE_DEBUG_INFO = YES;
				ONLY_ACTIVE_ARCH = YES;
				SDKROOT = iphoneos;
				SWIFT_OPTIMIZATION_LEVEL = "-Onone";
				TARGETED_DEVICE_FAMILY = "1,2";
			};
			name = Debug;
		};
		CD6211C21CEACADE00B4CC2E /* Release */ = {
			isa = XCBuildConfiguration;
			buildSettings = {
				ALWAYS_SEARCH_USER_PATHS = NO;
				CLANG_ANALYZER_NONNULL = YES;
				CLANG_CXX_LANGUAGE_STANDARD = "gnu++0x";
				CLANG_CXX_LIBRARY = "libc++";
				CLANG_ENABLE_MODULES = YES;
				CLANG_ENABLE_OBJC_ARC = YES;
				CLANG_WARN_BOOL_CONVERSION = YES;
				CLANG_WARN_CONSTANT_CONVERSION = YES;
				CLANG_WARN_DIRECT_OBJC_ISA_USAGE = YES_ERROR;
				CLANG_WARN_EMPTY_BODY = YES;
				CLANG_WARN_ENUM_CONVERSION = YES;
				CLANG_WARN_INFINITE_RECURSION = YES;
				CLANG_WARN_INT_CONVERSION = YES;
				CLANG_WARN_OBJC_ROOT_CLASS = YES_ERROR;
				CLANG_WARN_SUSPICIOUS_MOVE = YES;
				CLANG_WARN_UNREACHABLE_CODE = YES;
				CLANG_WARN__DUPLICATE_METHOD_MATCH = YES;
				"CODE_SIGN_IDENTITY[sdk=iphoneos*]" = "iPhone Developer";
				COPY_PHASE_STRIP = NO;
				DEBUG_INFORMATION_FORMAT = "dwarf-with-dsym";
				ENABLE_NS_ASSERTIONS = NO;
				ENABLE_STRICT_OBJC_MSGSEND = YES;
				GCC_C_LANGUAGE_STANDARD = gnu99;
				GCC_NO_COMMON_BLOCKS = YES;
				GCC_WARN_64_TO_32_BIT_CONVERSION = YES;
				GCC_WARN_ABOUT_RETURN_TYPE = YES_ERROR;
				GCC_WARN_UNDECLARED_SELECTOR = YES;
				GCC_WARN_UNINITIALIZED_AUTOS = YES_AGGRESSIVE;
				GCC_WARN_UNUSED_FUNCTION = YES;
				GCC_WARN_UNUSED_VARIABLE = YES;
				IPHONEOS_DEPLOYMENT_TARGET = 9.3;
				MTL_ENABLE_DEBUG_INFO = NO;
				SDKROOT = iphoneos;
				SWIFT_OPTIMIZATION_LEVEL = "-Owholemodule";
				TARGETED_DEVICE_FAMILY = "1,2";
				VALIDATE_PRODUCT = YES;
			};
			name = Release;
		};
		CD6211C41CEACADE00B4CC2E /* Debug */ = {
			isa = XCBuildConfiguration;
			buildSettings = {
				ASSETCATALOG_COMPILER_APPICON_NAME = AppIcon;
				CODE_SIGN_IDENTITY = "iPhone Developer";
				"CODE_SIGN_IDENTITY[sdk=iphoneos*]" = "iPhone Developer";
				INFOPLIST_FILE = AudioPlayer/Info.plist;
				LD_RUNPATH_SEARCH_PATHS = "$(inherited) @executable_path/Frameworks";
				PRODUCT_BUNDLE_IDENTIFIER = com.smoothct.AudioPlayer;
				PRODUCT_NAME = "$(TARGET_NAME)";
				PROVISIONING_PROFILE = "";
				SWIFT_VERSION = 3.0;
			};
			name = Debug;
		};
		CD6211C51CEACADE00B4CC2E /* Release */ = {
			isa = XCBuildConfiguration;
			buildSettings = {
				ASSETCATALOG_COMPILER_APPICON_NAME = AppIcon;
				CODE_SIGN_IDENTITY = "iPhone Developer";
				"CODE_SIGN_IDENTITY[sdk=iphoneos*]" = "iPhone Developer";
				INFOPLIST_FILE = AudioPlayer/Info.plist;
				LD_RUNPATH_SEARCH_PATHS = "$(inherited) @executable_path/Frameworks";
				PRODUCT_BUNDLE_IDENTIFIER = com.smoothct.AudioPlayer;
				PRODUCT_NAME = "$(TARGET_NAME)";
				PROVISIONING_PROFILE = "";
				SWIFT_VERSION = 3.0;
			};
			name = Release;
		};
		CD6211C71CEACADE00B4CC2E /* Debug */ = {
			isa = XCBuildConfiguration;
			buildSettings = {
				BUNDLE_LOADER = "$(TEST_HOST)";
				INFOPLIST_FILE = AudioPlayerTests/Info.plist;
				LD_RUNPATH_SEARCH_PATHS = "$(inherited) @executable_path/Frameworks @loader_path/Frameworks";
				PRODUCT_BUNDLE_IDENTIFIER = com.smoothct.AudioPlayerTests;
				PRODUCT_NAME = "$(TARGET_NAME)";
				SWIFT_VERSION = 3.0;
				TEST_HOST = "$(BUILT_PRODUCTS_DIR)/AudioPlayer.app/AudioPlayer";
			};
			name = Debug;
		};
		CD6211C81CEACADE00B4CC2E /* Release */ = {
			isa = XCBuildConfiguration;
			buildSettings = {
				BUNDLE_LOADER = "$(TEST_HOST)";
				INFOPLIST_FILE = AudioPlayerTests/Info.plist;
				LD_RUNPATH_SEARCH_PATHS = "$(inherited) @executable_path/Frameworks @loader_path/Frameworks";
				PRODUCT_BUNDLE_IDENTIFIER = com.smoothct.AudioPlayerTests;
				PRODUCT_NAME = "$(TARGET_NAME)";
				SWIFT_VERSION = 3.0;
				TEST_HOST = "$(BUILT_PRODUCTS_DIR)/AudioPlayer.app/AudioPlayer";
			};
			name = Release;
		};
		CD6211CA1CEACADE00B4CC2E /* Debug */ = {
			isa = XCBuildConfiguration;
			buildSettings = {
				INFOPLIST_FILE = AudioPlayerUITests/Info.plist;
				LD_RUNPATH_SEARCH_PATHS = "$(inherited) @executable_path/Frameworks @loader_path/Frameworks";
				PRODUCT_BUNDLE_IDENTIFIER = com.smoothct.AudioPlayerUITests;
				PRODUCT_NAME = "$(TARGET_NAME)";
				SWIFT_VERSION = 3.0;
				TEST_TARGET_NAME = AudioPlayer;
			};
			name = Debug;
		};
		CD6211CB1CEACADE00B4CC2E /* Release */ = {
			isa = XCBuildConfiguration;
			buildSettings = {
				INFOPLIST_FILE = AudioPlayerUITests/Info.plist;
				LD_RUNPATH_SEARCH_PATHS = "$(inherited) @executable_path/Frameworks @loader_path/Frameworks";
				PRODUCT_BUNDLE_IDENTIFIER = com.smoothct.AudioPlayerUITests;
				PRODUCT_NAME = "$(TARGET_NAME)";
				SWIFT_VERSION = 3.0;
				TEST_TARGET_NAME = AudioPlayer;
			};
			name = Release;
		};
/* End XCBuildConfiguration section */

/* Begin XCConfigurationList section */
		CD6211961CEACADD00B4CC2E /* Build configuration list for PBXProject "AudioPlayer" */ = {
			isa = XCConfigurationList;
			buildConfigurations = (
				CD6211C11CEACADE00B4CC2E /* Debug */,
				CD6211C21CEACADE00B4CC2E /* Release */,
			);
			defaultConfigurationIsVisible = 0;
			defaultConfigurationName = Release;
		};
		CD6211C31CEACADE00B4CC2E /* Build configuration list for PBXNativeTarget "AudioPlayer" */ = {
			isa = XCConfigurationList;
			buildConfigurations = (
				CD6211C41CEACADE00B4CC2E /* Debug */,
				CD6211C51CEACADE00B4CC2E /* Release */,
			);
			defaultConfigurationIsVisible = 0;
			defaultConfigurationName = Release;
		};
		CD6211C61CEACADE00B4CC2E /* Build configuration list for PBXNativeTarget "AudioPlayerTests" */ = {
			isa = XCConfigurationList;
			buildConfigurations = (
				CD6211C71CEACADE00B4CC2E /* Debug */,
				CD6211C81CEACADE00B4CC2E /* Release */,
			);
			defaultConfigurationIsVisible = 0;
			defaultConfigurationName = Release;
		};
		CD6211C91CEACADE00B4CC2E /* Build configuration list for PBXNativeTarget "AudioPlayerUITests" */ = {
			isa = XCConfigurationList;
			buildConfigurations = (
				CD6211CA1CEACADE00B4CC2E /* Debug */,
				CD6211CB1CEACADE00B4CC2E /* Release */,
			);
			defaultConfigurationIsVisible = 0;
			defaultConfigurationName = Release;
		};
/* End XCConfigurationList section */

/* Begin XCVersionGroup section */
		CDF9049A1D13470F00046066 /* AudioPlayer.xcdatamodeld */ = {
			isa = XCVersionGroup;
			children = (
				CDF9049B1D13470F00046066 /* AudioPlayer.xcdatamodel */,
			);
			currentVersion = CDF9049B1D13470F00046066 /* AudioPlayer.xcdatamodel */;
			path = AudioPlayer.xcdatamodeld;
			sourceTree = "<group>";
			versionGroupType = wrapper.xcdatamodel;
		};
/* End XCVersionGroup section */
	};
	rootObject = CD6211931CEACADD00B4CC2E /* Project object */;
}
